// !$*UTF8*$!
{
	archiveVersion = 1;
	classes = {
	};
	objectVersion = 46;
	objects = {

/* Begin PBXBuildFile section */
		818ADD5E18D23BAA009B825F /* Foundation.framework in Frameworks */ = {isa = PBXBuildFile; fileRef = 818ADD5D18D23BAA009B825F /* Foundation.framework */; };
		818ADD6018D23BAA009B825F /* CoreGraphics.framework in Frameworks */ = {isa = PBXBuildFile; fileRef = 818ADD5F18D23BAA009B825F /* CoreGraphics.framework */; };
		818ADD6218D23BAA009B825F /* UIKit.framework in Frameworks */ = {isa = PBXBuildFile; fileRef = 818ADD6118D23BAA009B825F /* UIKit.framework */; };
		818ADD6818D23BAA009B825F /* InfoPlist.strings in Resources */ = {isa = PBXBuildFile; fileRef = 818ADD6618D23BAA009B825F /* InfoPlist.strings */; };
		818ADD6A18D23BAA009B825F /* main.m in Sources */ = {isa = PBXBuildFile; fileRef = 818ADD6918D23BAA009B825F /* main.m */; };
		818ADD6E18D23BAA009B825F /* AppDelegate.m in Sources */ = {isa = PBXBuildFile; fileRef = 818ADD6D18D23BAA009B825F /* AppDelegate.m */; };
		818ADD7118D23BAA009B825F /* Main.storyboard in Resources */ = {isa = PBXBuildFile; fileRef = 818ADD6F18D23BAA009B825F /* Main.storyboard */; };
		818ADD7418D23BAA009B825F /* ViewController.m in Sources */ = {isa = PBXBuildFile; fileRef = 818ADD7318D23BAA009B825F /* ViewController.m */; };
		818ADD7618D23BAA009B825F /* Images.xcassets in Resources */ = {isa = PBXBuildFile; fileRef = 818ADD7518D23BAA009B825F /* Images.xcassets */; };
		818ADD7D18D23BAA009B825F /* XCTest.framework in Frameworks */ = {isa = PBXBuildFile; fileRef = 818ADD7C18D23BAA009B825F /* XCTest.framework */; };
		818ADD7E18D23BAA009B825F /* Foundation.framework in Frameworks */ = {isa = PBXBuildFile; fileRef = 818ADD5D18D23BAA009B825F /* Foundation.framework */; };
		818ADD7F18D23BAA009B825F /* UIKit.framework in Frameworks */ = {isa = PBXBuildFile; fileRef = 818ADD6118D23BAA009B825F /* UIKit.framework */; };
		818ADD8718D23BAA009B825F /* InfoPlist.strings in Resources */ = {isa = PBXBuildFile; fileRef = 818ADD8518D23BAA009B825F /* InfoPlist.strings */; };
		818ADD8918D23BAA009B825F /* TestGitTests.m in Sources */ = {isa = PBXBuildFile; fileRef = 818ADD8818D23BAA009B825F /* TestGitTests.m */; };
/* End PBXBuildFile section */

/* Begin PBXContainerItemProxy section */
		818ADD8018D23BAA009B825F /* PBXContainerItemProxy */ = {
			isa = PBXContainerItemProxy;
			containerPortal = 818ADD5218D23BAA009B825F /* Project object */;
			proxyType = 1;
			remoteGlobalIDString = 818ADD5918D23BAA009B825F;
			remoteInfo = TestGit;
		};
/* End PBXContainerItemProxy section */

/* Begin PBXFileReference section */
		818ADD5A18D23BAA009B825F /* TestGit.app */ = {isa = PBXFileReference; explicitFileType = wrapper.application; includeInIndex = 0; path = TestGit.app; sourceTree = BUILT_PRODUCTS_DIR; };
		818ADD5D18D23BAA009B825F /* Foundation.framework */ = {isa = PBXFileReference; lastKnownFileType = wrapper.framework; name = Foundation.framework; path = System/Library/Frameworks/Foundation.framework; sourceTree = SDKROOT; };
		818ADD5F18D23BAA009B825F /* CoreGraphics.framework */ = {isa = PBXFileReference; lastKnownFileType = wrapper.framework; name = CoreGraphics.framework; path = System/Library/Frameworks/CoreGraphics.framework; sourceTree = SDKROOT; };
		818ADD6118D23BAA009B825F /* UIKit.framework */ = {isa = PBXFileReference; lastKnownFileType = wrapper.framework; name = UIKit.framework; path = System/Library/Frameworks/UIKit.framework; sourceTree = SDKROOT; };
		818ADD6518D23BAA009B825F /* TestGit-Info.plist */ = {isa = PBXFileReference; lastKnownFileType = text.plist.xml; path = "TestGit-Info.plist"; sourceTree = "<group>"; };
		818ADD6718D23BAA009B825F /* en */ = {isa = PBXFileReference; lastKnownFileType = text.plist.strings; name = en; path = en.lproj/InfoPlist.strings; sourceTree = "<group>"; };
		818ADD6918D23BAA009B825F /* main.m */ = {isa = PBXFileReference; lastKnownFileType = sourcecode.c.objc; path = main.m; sourceTree = "<group>"; };
		818ADD6B18D23BAA009B825F /* TestGit-Prefix.pch */ = {isa = PBXFileReference; lastKnownFileType = sourcecode.c.h; path = "TestGit-Prefix.pch"; sourceTree = "<group>"; };
		818ADD6C18D23BAA009B825F /* AppDelegate.h */ = {isa = PBXFileReference; lastKnownFileType = sourcecode.c.h; path = AppDelegate.h; sourceTree = "<group>"; };
		818ADD6D18D23BAA009B825F /* AppDelegate.m */ = {isa = PBXFileReference; lastKnownFileType = sourcecode.c.objc; path = AppDelegate.m; sourceTree = "<group>"; };
		818ADD7018D23BAA009B825F /* Base */ = {isa = PBXFileReference; lastKnownFileType = file.storyboard; name = Base; path = Base.lproj/Main.storyboard; sourceTree = "<group>"; };
		818ADD7218D23BAA009B825F /* ViewController.h */ = {isa = PBXFileReference; lastKnownFileType = sourcecode.c.h; path = ViewController.h; sourceTree = "<group>"; };
		818ADD7318D23BAA009B825F /* ViewController.m */ = {isa = PBXFileReference; lastKnownFileType = sourcecode.c.objc; path = ViewController.m; sourceTree = "<group>"; };
		818ADD7518D23BAA009B825F /* Images.xcassets */ = {isa = PBXFileReference; lastKnownFileType = folder.assetcatalog; path = Images.xcassets; sourceTree = "<group>"; };
		818ADD7B18D23BAA009B825F /* TestGitTests.xctest */ = {isa = PBXFileReference; explicitFileType = wrapper.cfbundle; includeInIndex = 0; path = TestGitTests.xctest; sourceTree = BUILT_PRODUCTS_DIR; };
		818ADD7C18D23BAA009B825F /* XCTest.framework */ = {isa = PBXFileReference; lastKnownFileType = wrapper.framework; name = XCTest.framework; path = Library/Frameworks/XCTest.framework; sourceTree = DEVELOPER_DIR; };
		818ADD8418D23BAA009B825F /* TestGitTests-Info.plist */ = {isa = PBXFileReference; lastKnownFileType = text.plist.xml; path = "TestGitTests-Info.plist"; sourceTree = "<group>"; };
		818ADD8618D23BAA009B825F /* en */ = {isa = PBXFileReference; lastKnownFileType = text.plist.strings; name = en; path = en.lproj/InfoPlist.strings; sourceTree = "<group>"; };
		818ADD8818D23BAA009B825F /* TestGitTests.m */ = {isa = PBXFileReference; lastKnownFileType = sourcecode.c.objc; path = TestGitTests.m; sourceTree = "<group>"; };
/* End PBXFileReference section */

/* Begin PBXFrameworksBuildPhase section */
		818ADD5718D23BAA009B825F /* Frameworks */ = {
			isa = PBXFrameworksBuildPhase;
			buildActionMask = 2147483647;
			files = (
				818ADD6018D23BAA009B825F /* CoreGraphics.framework in Frameworks */,
				818ADD6218D23BAA009B825F /* UIKit.framework in Frameworks */,
				818ADD5E18D23BAA009B825F /* Foundation.framework in Frameworks */,
			);
			runOnlyForDeploymentPostprocessing = 0;
		};
		818ADD7818D23BAA009B825F /* Frameworks */ = {
			isa = PBXFrameworksBuildPhase;
			buildActionMask = 2147483647;
			files = (
				818ADD7D18D23BAA009B825F /* XCTest.framework in Frameworks */,
				818ADD7F18D23BAA009B825F /* UIKit.framework in Frameworks */,
				818ADD7E18D23BAA009B825F /* Foundation.framework in Frameworks */,
			);
			runOnlyForDeploymentPostprocessing = 0;
		};
/* End PBXFrameworksBuildPhase section */

/* Begin PBXGroup section */
		818ADD5118D23BAA009B825F = {
			isa = PBXGroup;
			children = (
				818ADD6318D23BAA009B825F /* TestGit */,
				818ADD8218D23BAA009B825F /* TestGitTests */,
				818ADD5C18D23BAA009B825F /* Frameworks */,
				818ADD5B18D23BAA009B825F /* Products */,
			);
			sourceTree = "<group>";
		};
		818ADD5B18D23BAA009B825F /* Products */ = {
			isa = PBXGroup;
			children = (
				818ADD5A18D23BAA009B825F /* TestGit.app */,
				818ADD7B18D23BAA009B825F /* TestGitTests.xctest */,
			);
			name = Products;
			sourceTree = "<group>";
		};
		818ADD5C18D23BAA009B825F /* Frameworks */ = {
			isa = PBXGroup;
			children = (
				818ADD5D18D23BAA009B825F /* Foundation.framework */,
				818ADD5F18D23BAA009B825F /* CoreGraphics.framework */,
				818ADD6118D23BAA009B825F /* UIKit.framework */,
				818ADD7C18D23BAA009B825F /* XCTest.framework */,
			);
			name = Frameworks;
			sourceTree = "<group>";
		};
		818ADD6318D23BAA009B825F /* TestGit */ = {
			isa = PBXGroup;
			children = (
				818ADD6C18D23BAA009B825F /* AppDelegate.h */,
				818ADD6D18D23BAA009B825F /* AppDelegate.m */,
				818ADD6F18D23BAA009B825F /* Main.storyboard */,
				818ADD7218D23BAA009B825F /* ViewController.h */,
				818ADD7318D23BAA009B825F /* ViewController.m */,
				818ADD7518D23BAA009B825F /* Images.xcassets */,
				818ADD6418D23BAA009B825F /* Supporting Files */,
			);
			path = TestGit;
			sourceTree = "<group>";
		};
		818ADD6418D23BAA009B825F /* Supporting Files */ = {
			isa = PBXGroup;
			children = (
				818ADD6518D23BAA009B825F /* TestGit-Info.plist */,
				818ADD6618D23BAA009B825F /* InfoPlist.strings */,
				818ADD6918D23BAA009B825F /* main.m */,
				818ADD6B18D23BAA009B825F /* TestGit-Prefix.pch */,
			);
			name = "Supporting Files";
			sourceTree = "<group>";
		};
		818ADD8218D23BAA009B825F /* TestGitTests */ = {
			isa = PBXGroup;
			children = (
				818ADD8818D23BAA009B825F /* TestGitTests.m */,
				818ADD8318D23BAA009B825F /* Supporting Files */,
			);
			path = TestGitTests;
			sourceTree = "<group>";
		};
		818ADD8318D23BAA009B825F /* Supporting Files */ = {
			isa = PBXGroup;
			children = (
				818ADD8418D23BAA009B825F /* TestGitTests-Info.plist */,
				818ADD8518D23BAA009B825F /* InfoPlist.strings */,
			);
			name = "Supporting Files";
			sourceTree = "<group>";
		};
/* End PBXGroup section */

/* Begin PBXNativeTarget section */
		818ADD5918D23BAA009B825F /* TestGit */ = {
			isa = PBXNativeTarget;
			buildConfigurationList = 818ADD8C18D23BAA009B825F /* Build configuration list for PBXNativeTarget "TestGit" */;
			buildPhases = (
				818ADD5618D23BAA009B825F /* Sources */,
				818ADD5718D23BAA009B825F /* Frameworks */,
				818ADD5818D23BAA009B825F /* Resources */,
			);
			buildRules = (
			);
			dependencies = (
			);
			name = TestGit;
			productName = TestGit;
			productReference = 818ADD5A18D23BAA009B825F /* TestGit.app */;
			productType = "com.apple.product-type.application";
		};
		818ADD7A18D23BAA009B825F /* TestGitTests */ = {
			isa = PBXNativeTarget;
			buildConfigurationList = 818ADD8F18D23BAA009B825F /* Build configuration list for PBXNativeTarget "TestGitTests" */;
			buildPhases = (
				818ADD7718D23BAA009B825F /* Sources */,
				818ADD7818D23BAA009B825F /* Frameworks */,
				818ADD7918D23BAA009B825F /* Resources */,
			);
			buildRules = (
			);
			dependencies = (
				818ADD8118D23BAA009B825F /* PBXTargetDependency */,
			);
			name = TestGitTests;
			productName = TestGitTests;
			productReference = 818ADD7B18D23BAA009B825F /* TestGitTests.xctest */;
			productType = "com.apple.product-type.bundle.unit-test";
		};
/* End PBXNativeTarget section */

/* Begin PBXProject section */
		818ADD5218D23BAA009B825F /* Project object */ = {
			isa = PBXProject;
			attributes = {
				LastUpgradeCheck = 0510;
				ORGANIZATIONNAME = "Steve Toosevich";
				TargetAttributes = {
					818ADD7A18D23BAA009B825F = {
						TestTargetID = 818ADD5918D23BAA009B825F;
					};
				};
			};
			buildConfigurationList = 818ADD5518D23BAA009B825F /* Build configuration list for PBXProject "TestGit" */;
			compatibilityVersion = "Xcode 3.2";
			developmentRegion = English;
			hasScannedForEncodings = 0;
			knownRegions = (
				en,
				Base,
			);
			mainGroup = 818ADD5118D23BAA009B825F;
			productRefGroup = 818ADD5B18D23BAA009B825F /* Products */;
			projectDirPath = "";
			projectRoot = "";
			targets = (
				818ADD5918D23BAA009B825F /* TestGit */,
				818ADD7A18D23BAA009B825F /* TestGitTests */,
			);
		};
/* End PBXProject section */

/* Begin PBXResourcesBuildPhase section */
		818ADD5818D23BAA009B825F /* Resources */ = {
			isa = PBXResourcesBuildPhase;
			buildActionMask = 2147483647;
			files = (
				818ADD7618D23BAA009B825F /* Images.xcassets in Resources */,
				818ADD6818D23BAA009B825F /* InfoPlist.strings in Resources */,
				818ADD7118D23BAA009B825F /* Main.storyboard in Resources */,
			);
			runOnlyForDeploymentPostprocessing = 0;
		};
		818ADD7918D23BAA009B825F /* Resources */ = {
			isa = PBXResourcesBuildPhase;
			buildActionMask = 2147483647;
			files = (
				818ADD8718D23BAA009B825F /* InfoPlist.strings in Resources */,
			);
			runOnlyForDeploymentPostprocessing = 0;
		};
/* End PBXResourcesBuildPhase section */

/* Begin PBXSourcesBuildPhase section */
		818ADD5618D23BAA009B825F /* Sources */ = {
			isa = PBXSourcesBuildPhase;
			buildActionMask = 2147483647;
			files = (
				818ADD7418D23BAA009B825F /* ViewController.m in Sources */,
				818ADD6E18D23BAA009B825F /* AppDelegate.m in Sources */,
				818ADD6A18D23BAA009B825F /* main.m in Sources */,
			);
			runOnlyForDeploymentPostprocessing = 0;
		};
		818ADD7718D23BAA009B825F /* Sources */ = {
			isa = PBXSourcesBuildPhase;
			buildActionMask = 2147483647;
			files = (
				818ADD8918D23BAA009B825F /* TestGitTests.m in Sources */,
			);
			runOnlyForDeploymentPostprocessing = 0;
		};
/* End PBXSourcesBuildPhase section */

/* Begin PBXTargetDependency section */
		818ADD8118D23BAA009B825F /* PBXTargetDependency */ = {
			isa = PBXTargetDependency;
			target = 818ADD5918D23BAA009B825F /* TestGit */;
			targetProxy = 818ADD8018D23BAA009B825F /* PBXContainerItemProxy */;
		};
/* End PBXTargetDependency section */

/* Begin PBXVariantGroup section */
		818ADD6618D23BAA009B825F /* InfoPlist.strings */ = {
			isa = PBXVariantGroup;
			children = (
				818ADD6718D23BAA009B825F /* en */,
			);
			name = InfoPlist.strings;
			sourceTree = "<group>";
		};
		818ADD6F18D23BAA009B825F /* Main.storyboard */ = {
			isa = PBXVariantGroup;
			children = (
				818ADD7018D23BAA009B825F /* Base */,
			);
			name = Main.storyboard;
			sourceTree = "<group>";
		};
		818ADD8518D23BAA009B825F /* InfoPlist.strings */ = {
			isa = PBXVariantGroup;
			children = (
				818ADD8618D23BAA009B825F /* en */,
			);
			name = InfoPlist.strings;
			sourceTree = "<group>";
		};
/* End PBXVariantGroup section */

/* Begin XCBuildConfiguration section */
		818ADD8A18D23BAA009B825F /* Debug */ = {
			isa = XCBuildConfiguration;
			buildSettings = {
				ALWAYS_SEARCH_USER_PATHS = NO;
				CLANG_CXX_LANGUAGE_STANDARD = "gnu++0x";
				CLANG_CXX_LIBRARY = "libc++";
				CLANG_ENABLE_MODULES = YES;
				CLANG_ENABLE_OBJC_ARC = YES;
				CLANG_WARN_BOOL_CONVERSION = YES;
				CLANG_WARN_CONSTANT_CONVERSION = YES;
				CLANG_WARN_DIRECT_OBJC_ISA_USAGE = YES_ERROR;
				CLANG_WARN_EMPTY_BODY = YES;
				CLANG_WARN_ENUM_CONVERSION = YES;
				CLANG_WARN_INT_CONVERSION = YES;
				CLANG_WARN_OBJC_ROOT_CLASS = YES_ERROR;
				CLANG_WARN__DUPLICATE_METHOD_MATCH = YES;
				"CODE_SIGN_IDENTITY[sdk=iphoneos*]" = "iPhone Developer";
				COPY_PHASE_STRIP = NO;
				GCC_C_LANGUAGE_STANDARD = gnu99;
				GCC_DYNAMIC_NO_PIC = NO;
				GCC_OPTIMIZATION_LEVEL = 0;
				GCC_PREPROCESSOR_DEFINITIONS = (
					"DEBUG=1",
					"$(inherited)",
				);
				GCC_SYMBOLS_PRIVATE_EXTERN = NO;
				GCC_WARN_64_TO_32_BIT_CONVERSION = YES;
				GCC_WARN_ABOUT_RETURN_TYPE = YES_ERROR;
				GCC_WARN_UNDECLARED_SELECTOR = YES;
				GCC_WARN_UNINITIALIZED_AUTOS = YES_AGGRESSIVE;
				GCC_WARN_UNUSED_FUNCTION = YES;
				GCC_WARN_UNUSED_VARIABLE = YES;
				IPHONEOS_DEPLOYMENT_TARGET = 7.1;
				ONLY_ACTIVE_ARCH = YES;
				SDKROOT = iphoneos;
			};
			name = Debug;
		};
		818ADD8B18D23BAA009B825F /* Release */ = {
			isa = XCBuildConfiguration;
			buildSettings = {
				ALWAYS_SEARCH_USER_PATHS = NO;
				CLANG_CXX_LANGUAGE_STANDARD = "gnu++0x";
				CLANG_CXX_LIBRARY = "libc++";
				CLANG_ENABLE_MODULES = YES;
				CLANG_ENABLE_OBJC_ARC = YES;
				CLANG_WARN_BOOL_CONVERSION = YES;
				CLANG_WARN_CONSTANT_CONVERSION = YES;
				CLANG_WARN_DIRECT_OBJC_ISA_USAGE = YES_ERROR;
				CLANG_WARN_EMPTY_BODY = YES;
				CLANG_WARN_ENUM_CONVERSION = YES;
				CLANG_WARN_INT_CONVERSION = YES;
				CLANG_WARN_OBJC_ROOT_CLASS = YES_ERROR;
				CLANG_WARN__DUPLICATE_METHOD_MATCH = YES;
				"CODE_SIGN_IDENTITY[sdk=iphoneos*]" = "iPhone Developer";
				COPY_PHASE_STRIP = YES;
				ENABLE_NS_ASSERTIONS = NO;
				GCC_C_LANGUAGE_STANDARD = gnu99;
				GCC_WARN_64_TO_32_BIT_CONVERSION = YES;
				GCC_WARN_ABOUT_RETURN_TYPE = YES_ERROR;
				GCC_WARN_UNDECLARED_SELECTOR = YES;
				GCC_WARN_UNINITIALIZED_AUTOS = YES_AGGRESSIVE;
				GCC_WARN_UNUSED_FUNCTION = YES;
				GCC_WARN_UNUSED_VARIABLE = YES;
				IPHONEOS_DEPLOYMENT_TARGET = 7.1;
				SDKROOT = iphoneos;
				VALIDATE_PRODUCT = YES;
			};
			name = Release;
		};
		818ADD8D18D23BAA009B825F /* Debug */ = {
			isa = XCBuildConfiguration;
			buildSettings = {
				ASSETCATALOG_COMPILER_APPICON_NAME = AppIcon;
				ASSETCATALOG_COMPILER_LAUNCHIMAGE_NAME = LaunchImage;
				GCC_PRECOMPILE_PREFIX_HEADER = YES;
				GCC_PREFIX_HEADER = "TestGit/TestGit-Prefix.pch";
				INFOPLIST_FILE = "TestGit/TestGit-Info.plist";
				PRODUCT_NAME = "$(TARGET_NAME)";
				WRAPPER_EXTENSION = app;
			};
			name = Debug;
		};
		818ADD8E18D23BAA009B825F /* Release */ = {
			isa = XCBuildConfiguration;
			buildSettings = {
				ASSETCATALOG_COMPILER_APPICON_NAME = AppIcon;
				ASSETCATALOG_COMPILER_LAUNCHIMAGE_NAME = LaunchImage;
				GCC_PRECOMPILE_PREFIX_HEADER = YES;
				GCC_PREFIX_HEADER = "TestGit/TestGit-Prefix.pch";
				INFOPLIST_FILE = "TestGit/TestGit-Info.plist";
				PRODUCT_NAME = "$(TARGET_NAME)";
				WRAPPER_EXTENSION = app;
			};
			name = Release;
		};
		818ADD9018D23BAA009B825F /* Debug */ = {
			isa = XCBuildConfiguration;
			buildSettings = {
				BUNDLE_LOADER = "$(BUILT_PRODUCTS_DIR)/TestGit.app/TestGit";
				FRAMEWORK_SEARCH_PATHS = (
					"$(SDKROOT)/Developer/Library/Frameworks",
					"$(inherited)",
					"$(DEVELOPER_FRAMEWORKS_DIR)",
				);
				GCC_PRECOMPILE_PREFIX_HEADER = YES;
				GCC_PREFIX_HEADER = "TestGit/TestGit-Prefix.pch";
				GCC_PREPROCESSOR_DEFINITIONS = (
					"DEBUG=1",
					"$(inherited)",
				);
				INFOPLIST_FILE = "TestGitTests/TestGitTests-Info.plist";
				PRODUCT_NAME = "$(TARGET_NAME)";
				TEST_HOST = "$(BUNDLE_LOADER)";
				WRAPPER_EXTENSION = xctest;
			};
			name = Debug;
		};
		818ADD9118D23BAA009B825F /* Release */ = {
			isa = XCBuildConfiguration;
			buildSettings = {
				BUNDLE_LOADER = "$(BUILT_PRODUCTS_DIR)/TestGit.app/TestGit";
				FRAMEWORK_SEARCH_PATHS = (
					"$(SDKROOT)/Developer/Library/Frameworks",
					"$(inherited)",
					"$(DEVELOPER_FRAMEWORKS_DIR)",
				);
				GCC_PRECOMPILE_PREFIX_HEADER = YES;
				GCC_PREFIX_HEADER = "TestGit/TestGit-Prefix.pch";
				INFOPLIST_FILE = "TestGitTests/TestGitTests-Info.plist";
				PRODUCT_NAME = "$(TARGET_NAME)";
				TEST_HOST = "$(BUNDLE_LOADER)";
				WRAPPER_EXTENSION = xctest;
			};
			name = Release;
		};
/* End XCBuildConfiguration section */

/* Begin XCConfigurationList section */
		818ADD5518D23BAA009B825F /* Build configuration list for PBXProject "TestGit" */ = {
			isa = XCConfigurationList;
			buildConfigurations = (
				818ADD8A18D23BAA009B825F /* Debug */,
				818ADD8B18D23BAA009B825F /* Release */,
			);
			defaultConfigurationIsVisible = 0;
			defaultConfigurationName = Release;
		};
		818ADD8C18D23BAA009B825F /* Build configuration list for PBXNativeTarget "TestGit" */ = {
			isa = XCConfigurationList;
			buildConfigurations = (
				818ADD8D18D23BAA009B825F /* Debug */,
				818ADD8E18D23BAA009B825F /* Release */,
			);
			defaultConfigurationIsVisible = 0;
		};
		818ADD8F18D23BAA009B825F /* Build configuration list for PBXNativeTarget "TestGitTests" */ = {
			isa = XCConfigurationList;
			buildConfigurations = (
				818ADD9018D23BAA009B825F /* Debug */,
				818ADD9118D23BAA009B825F /* Release */,
			);
			defaultConfigurationIsVisible = 0;
		};
/* End XCConfigurationList section */
	};
	rootObject = 818ADD5218D23BAA009B825F /* Project object */;
}
